
Microsoft Visual Studio Solution File, Format Version 12.00
# Visual Studio 15
VisualStudioVersion = 15.0.26403.7
MinimumVisualStudioVersion = 10.0.40219.1
Project("{FAE04EC0-301F-11D3-BF4B-00C04F79EFBC}") = "DataStructure", "DataStructure\DataStructure.csproj", "{47BFA9E7-A886-447E-B6FF-957F43B8CCB6}"
EndProject
Project("{FAE04EC0-301F-11D3-BF4B-00C04F79EFBC}") = "LanguageFeatures", "LanguageFeatures\LanguageFeatures.csproj", "{4B6734A1-D9D3-4513-B10C-C586DD7A4FC0}"
EndProject
Project("{FAE04EC0-301F-11D3-BF4B-00C04F79EFBC}") = "UnitTestDavaTools", "UnitTestDavaTools\UnitTestDavaTools.csproj", "{BF71A66E-CC6C-4A46-B5CB-8C0C3F9B9D51}"
EndProject
Project("{FAE04EC0-301F-11D3-BF4B-00C04F79EFBC}") = "WpfListShow", "WpfListShow\WpfListShow.csproj", "{CC2AFD1D-5C9E-40BB-83BB-8927FBBFBA5C}"
EndProject
Project("{FAE04EC0-301F-11D3-BF4B-00C04F79EFBC}") = "Form_Calc", "Calc\Form_Calc.csproj", "{B96502BD-21AA-4E42-A870-3B4C07463AD1}"
EndProject
Project("{FAE04EC0-301F-11D3-BF4B-00C04F79EFBC}") = "MultiThread", "MultiThread\MultiThread.csproj", "{01174AF9-9CBC-4505-938E-1B2D113DE076}"
EndProject
Project("{FAE04EC0-301F-11D3-BF4B-00C04F79EFBC}") = "Communication", "Communication\Communication.csproj", "{B6809B36-4C41-49E5-BF6A-DD15396B6EDA}"
EndProject
Project("{FAE04EC0-301F-11D3-BF4B-00C04F79EFBC}") = "WebRong", "WebRong\WebRong.csproj", "{6ECA197C-386E-46AB-A04D-61372A5829AA}"
EndProject
Global
	GlobalSection(SolutionConfigurationPlatforms) = preSolution
		Debug|Any CPU = Debug|Any CPU
		Debug|x86 = Debug|x86
		Release|Any CPU = Release|Any CPU
		Release|x86 = Release|x86
	EndGlobalSection
	GlobalSection(ProjectConfigurationPlatforms) = postSolution
		{47BFA9E7-A886-447E-B6FF-957F43B8CCB6}.Debug|Any CPU.ActiveCfg = Debug|Any CPU
		{47BFA9E7-A886-447E-B6FF-957F43B8CCB6}.Debug|Any CPU.Build.0 = Debug|Any CPU
		{47BFA9E7-A886-447E-B6FF-957F43B8CCB6}.Debug|x86.ActiveCfg = Debug|Any CPU
		{47BFA9E7-A886-447E-B6FF-957F43B8CCB6}.Debug|x86.Build.0 = Debug|Any CPU
		{47BFA9E7-A886-447E-B6FF-957F43B8CCB6}.Release|Any CPU.ActiveCfg = Release|Any CPU
		{47BFA9E7-A886-447E-B6FF-957F43B8CCB6}.Release|Any CPU.Build.0 = Release|Any CPU
		{47BFA9E7-A886-447E-B6FF-957F43B8CCB6}.Release|x86.ActiveCfg = Release|Any CPU
		{47BFA9E7-A886-447E-B6FF-957F43B8CCB6}.Release|x86.Build.0 = Release|Any CPU
		{4B6734A1-D9D3-4513-B10C-C586DD7A4FC0}.Debug|Any CPU.ActiveCfg = Debug|Any CPU
		{4B6734A1-D9D3-4513-B10C-C586DD7A4FC0}.Debug|Any CPU.Build.0 = Debug|Any CPU
		{4B6734A1-D9D3-4513-B10C-C586DD7A4FC0}.Debug|x86.ActiveCfg = Debug|Any CPU
		{4B6734A1-D9D3-4513-B10C-C586DD7A4FC0}.Debug|x86.Build.0 = Debug|Any CPU
		{4B6734A1-D9D3-4513-B10C-C586DD7A4FC0}.Release|Any CPU.ActiveCfg = Release|Any CPU
		{4B6734A1-D9D3-4513-B10C-C586DD7A4FC0}.Release|Any CPU.Build.0 = Release|Any CPU
		{4B6734A1-D9D3-4513-B10C-C586DD7A4FC0}.Release|x86.ActiveCfg = Release|Any CPU
		{4B6734A1-D9D3-4513-B10C-C586DD7A4FC0}.Release|x86.Build.0 = Release|Any CPU
		{BF71A66E-CC6C-4A46-B5CB-8C0C3F9B9D51}.Debug|Any CPU.ActiveCfg = Debug|Any CPU
		{BF71A66E-CC6C-4A46-B5CB-8C0C3F9B9D51}.Debug|Any CPU.Build.0 = Debug|Any CPU
		{BF71A66E-CC6C-4A46-B5CB-8C0C3F9B9D51}.Debug|x86.ActiveCfg = Debug|Any CPU
		{BF71A66E-CC6C-4A46-B5CB-8C0C3F9B9D51}.Debug|x86.Build.0 = Debug|Any CPU
		{BF71A66E-CC6C-4A46-B5CB-8C0C3F9B9D51}.Release|Any CPU.ActiveCfg = Release|Any CPU
		{BF71A66E-CC6C-4A46-B5CB-8C0C3F9B9D51}.Release|Any CPU.Build.0 = Release|Any CPU
		{BF71A66E-CC6C-4A46-B5CB-8C0C3F9B9D51}.Release|x86.ActiveCfg = Release|Any CPU
		{BF71A66E-CC6C-4A46-B5CB-8C0C3F9B9D51}.Release|x86.Build.0 = Release|Any CPU
		{CC2AFD1D-5C9E-40BB-83BB-8927FBBFBA5C}.Debug|Any CPU.ActiveCfg = Debug|Any CPU
		{CC2AFD1D-5C9E-40BB-83BB-8927FBBFBA5C}.Debug|Any CPU.Build.0 = Debug|Any CPU
		{CC2AFD1D-5C9E-40BB-83BB-8927FBBFBA5C}.Debug|x86.ActiveCfg = Debug|Any CPU
		{CC2AFD1D-5C9E-40BB-83BB-8927FBBFBA5C}.Debug|x86.Build.0 = Debug|Any CPU
		{CC2AFD1D-5C9E-40BB-83BB-8927FBBFBA5C}.Release|Any CPU.ActiveCfg = Release|Any CPU
		{CC2AFD1D-5C9E-40BB-83BB-8927FBBFBA5C}.Release|Any CPU.Build.0 = Release|Any CPU
		{CC2AFD1D-5C9E-40BB-83BB-8927FBBFBA5C}.Release|x86.ActiveCfg = Release|Any CPU
		{CC2AFD1D-5C9E-40BB-83BB-8927FBBFBA5C}.Release|x86.Build.0 = Release|Any CPU
		{B96502BD-21AA-4E42-A870-3B4C07463AD1}.Debug|Any CPU.ActiveCfg = Debug|x86
		{B96502BD-21AA-4E42-A870-3B4C07463AD1}.Debug|x86.ActiveCfg = Debug|x86
		{B96502BD-21AA-4E42-A870-3B4C07463AD1}.Debug|x86.Build.0 = Debug|x86
		{B96502BD-21AA-4E42-A870-3B4C07463AD1}.Release|Any CPU.ActiveCfg = Release|x86
		{B96502BD-21AA-4E42-A870-3B4C07463AD1}.Release|x86.ActiveCfg = Release|x86
		{B96502BD-21AA-4E42-A870-3B4C07463AD1}.Release|x86.Build.0 = Release|x86
		{01174AF9-9CBC-4505-938E-1B2D113DE076}.Debug|Any CPU.ActiveCfg = Debug|Any CPU
		{01174AF9-9CBC-4505-938E-1B2D113DE076}.Debug|Any CPU.Build.0 = Debug|Any CPU
		{01174AF9-9CBC-4505-938E-1B2D113DE076}.Debug|x86.ActiveCfg = Debug|Any CPU
		{01174AF9-9CBC-4505-938E-1B2D113DE076}.Debug|x86.Build.0 = Debug|Any CPU
		{01174AF9-9CBC-4505-938E-1B2D113DE076}.Release|Any CPU.ActiveCfg = Release|Any CPU
		{01174AF9-9CBC-4505-938E-1B2D113DE076}.Release|Any CPU.Build.0 = Release|Any CPU
		{01174AF9-9CBC-4505-938E-1B2D113DE076}.Release|x86.ActiveCfg = Release|Any CPU
		{01174AF9-9CBC-4505-938E-1B2D113DE076}.Release|x86.Build.0 = Release|Any CPU
		{B6809B36-4C41-49E5-BF6A-DD15396B6EDA}.Debug|Any CPU.ActiveCfg = Debug|Any CPU
		{B6809B36-4C41-49E5-BF6A-DD15396B6EDA}.Debug|Any CPU.Build.0 = Debug|Any CPU
		{B6809B36-4C41-49E5-BF6A-DD15396B6EDA}.Debug|x86.ActiveCfg = Debug|Any CPU
		{B6809B36-4C41-49E5-BF6A-DD15396B6EDA}.Debug|x86.Build.0 = Debug|Any CPU
		{B6809B36-4C41-49E5-BF6A-DD15396B6EDA}.Release|Any CPU.ActiveCfg = Release|Any CPU
		{B6809B36-4C41-49E5-BF6A-DD15396B6EDA}.Release|Any CPU.Build.0 = Release|Any CPU
		{B6809B36-4C41-49E5-BF6A-DD15396B6EDA}.Release|x86.ActiveCfg = Release|Any CPU
		{B6809B36-4C41-49E5-BF6A-DD15396B6EDA}.Release|x86.Build.0 = Release|Any CPU
		{6ECA197C-386E-46AB-A04D-61372A5829AA}.Debug|Any CPU.ActiveCfg = Debug|Any CPU
		{6ECA197C-386E-46AB-A04D-61372A5829AA}.Debug|Any CPU.Build.0 = Debug|Any CPU
		{6ECA197C-386E-46AB-A04D-61372A5829AA}.Debug|x86.ActiveCfg = Debug|Any CPU
		{6ECA197C-386E-46AB-A04D-61372A5829AA}.Debug|x86.Build.0 = Debug|Any CPU
		{6ECA197C-386E-46AB-A04D-61372A5829AA}.Release|Any CPU.ActiveCfg = Release|Any CPU
		{6ECA197C-386E-46AB-A04D-61372A5829AA}.Release|Any CPU.Build.0 = Release|Any CPU
		{6ECA197C-386E-46AB-A04D-61372A5829AA}.Release|x86.ActiveCfg = Release|Any CPU
		{6ECA197C-386E-46AB-A04D-61372A5829AA}.Release|x86.Build.0 = Release|Any CPU
	EndGlobalSection
	GlobalSection(SolutionProperties) = preSolution
		HideSolutionNode = FALSE
	EndGlobalSection
EndGlobal
